
Microsoft Visual Studio Solution File, Format Version 12.00
# Visual Studio 15
VisualStudioVersion = 15.0.28307.329
MinimumVisualStudioVersion = 10.0.40219.1
Project("{FAE04EC0-301F-11D3-BF4B-00C04F79EFBC}") = "Ahmed-Portfolio", "Ahmed-Portfolio\Ahmed-Portfolio.csproj", "{7B22D648-91B8-4B56-AC44-753777578A75}"
EndProject
Global
	GlobalSection(SolutionConfigurationPlatforms) = preSolution
		Debug|Any CPU = Debug|Any CPU
		Release|Any CPU = Release|Any CPU
	EndGlobalSection
	GlobalSection(ProjectConfigurationPlatforms) = postSolution
		{7B22D648-91B8-4B56-AC44-753777578A75}.Debug|Any CPU.ActiveCfg = Debug|Any CPU
		{7B22D648-91B8-4B56-AC44-753777578A75}.Debug|Any CPU.Build.0 = Debug|Any CPU
		{7B22D648-91B8-4B56-AC44-753777578A75}.Release|Any CPU.ActiveCfg = Release|Any CPU
		{7B22D648-91B8-4B56-AC44-753777578A75}.Release|Any CPU.Build.0 = Release|Any CPU
	EndGlobalSection
	GlobalSection(SolutionProperties) = preSolution
		HideSolutionNode = FALSE
	EndGlobalSection
	GlobalSection(ExtensibilityGlobals) = postSolution
		SolutionGuid = {AB15528F-A462-4CE3-BEE6-7CC2F8ED5085}
	EndGlobalSection
EndGlobal
